
Microsoft Visual Studio Solution File, Format Version 12.00
Project("{FAE04EC0-301F-11D3-BF4B-00C04F79EFBC}") = "SemanticRelease.Changelog", "SemanticRelease.Changelog.csproj", "{F0FDBFBC-1005-41FF-812F-56BB564047B0}"
EndProject
Project("{2150E333-8FDC-42A3-9474-1A3956D46DE8}") = ".circleci", ".circleci", "{8CC8D7D7-3212-4C17-B5C8-04718F1D1003}"
	ProjectSection(SolutionItems) = preProject
		.circleci\config.yml = .circleci\config.yml
	EndProjectSection
EndProject
Project("{2150E333-8FDC-42A3-9474-1A3956D46DE8}") = "scripts", "scripts", "{FD84EA9E-9235-4533-B720-AEE7D2F1DC4B}"
EndProject
Global
	GlobalSection(SolutionConfigurationPlatforms) = preSolution
		Debug|Any CPU = Debug|Any CPU
		Release|Any CPU = Release|Any CPU
	EndGlobalSection
	GlobalSection(ProjectConfigurationPlatforms) = postSolution
		{F0FDBFBC-1005-41FF-812F-56BB564047B0}.Debug|Any CPU.ActiveCfg = Debug|Any CPU
		{F0FDBFBC-1005-41FF-812F-56BB564047B0}.Debug|Any CPU.Build.0 = Debug|Any CPU
		{F0FDBFBC-1005-41FF-812F-56BB564047B0}.Release|Any CPU.ActiveCfg = Release|Any CPU
		{F0FDBFBC-1005-41FF-812F-56BB564047B0}.Release|Any CPU.Build.0 = Release|Any CPU
	EndGlobalSection
EndGlobal
